
Microsoft Visual Studio Solution File, Format Version 12.00
# Visual Studio Version 17
VisualStudioVersion = 17.5.33516.290
MinimumVisualStudioVersion = 10.0.40219.1
Project("{FAE04EC0-301F-11D3-BF4B-00C04F79EFBC}") = "Lib18", "Lib18\Lib18.csproj", "{6FBD4D3A-3C21-46C1-9B6A-BCDABE13A4B5}"
EndProject
Project("{FAE04EC0-301F-11D3-BF4B-00C04F79EFBC}") = "ClassLibrary1", "ClassLibrary1\ClassLibrary1.csproj", "{0C717010-26F5-48A6-A486-2EBA59D5D476}"
EndProject
Project("{FAE04EC0-301F-11D3-BF4B-00C04F79EFBC}") = "UnitTestProject1", "UnitTestProject1\UnitTestProject1.csproj", "{297D4B89-D105-4D33-A365-161424894F80}"
EndProject
Global
	GlobalSection(SolutionConfigurationPlatforms) = preSolution
		Debug|Any CPU = Debug|Any CPU
		Release|Any CPU = Release|Any CPU
	EndGlobalSection
	GlobalSection(ProjectConfigurationPlatforms) = postSolution
		{6FBD4D3A-3C21-46C1-9B6A-BCDABE13A4B5}.Debug|Any CPU.ActiveCfg = Debug|Any CPU
		{6FBD4D3A-3C21-46C1-9B6A-BCDABE13A4B5}.Debug|Any CPU.Build.0 = Debug|Any CPU
		{6FBD4D3A-3C21-46C1-9B6A-BCDABE13A4B5}.Release|Any CPU.ActiveCfg = Release|Any CPU
		{6FBD4D3A-3C21-46C1-9B6A-BCDABE13A4B5}.Release|Any CPU.Build.0 = Release|Any CPU
		{0C717010-26F5-48A6-A486-2EBA59D5D476}.Debug|Any CPU.ActiveCfg = Debug|Any CPU
		{0C717010-26F5-48A6-A486-2EBA59D5D476}.Debug|Any CPU.Build.0 = Debug|Any CPU
		{0C717010-26F5-48A6-A486-2EBA59D5D476}.Release|Any CPU.ActiveCfg = Release|Any CPU
		{0C717010-26F5-48A6-A486-2EBA59D5D476}.Release|Any CPU.Build.0 = Release|Any CPU
		{297D4B89-D105-4D33-A365-161424894F80}.Debug|Any CPU.ActiveCfg = Debug|Any CPU
		{297D4B89-D105-4D33-A365-161424894F80}.Debug|Any CPU.Build.0 = Debug|Any CPU
		{297D4B89-D105-4D33-A365-161424894F80}.Release|Any CPU.ActiveCfg = Release|Any CPU
		{297D4B89-D105-4D33-A365-161424894F80}.Release|Any CPU.Build.0 = Release|Any CPU
	EndGlobalSection
	GlobalSection(SolutionProperties) = preSolution
		HideSolutionNode = FALSE
	EndGlobalSection
	GlobalSection(ExtensibilityGlobals) = postSolution
		SolutionGuid = {FD1014AF-553B-4B2D-9CC5-9B881B5C1D37}
	EndGlobalSection
EndGlobal
